
Microsoft Visual Studio Solution File, Format Version 12.00
# Visual Studio Version 17
VisualStudioVersion = 17.5.002.0
MinimumVisualStudioVersion = 10.0.40219.1
Project("{9A19103F-16F7-4668-BE54-9A1E7A4F7556}") = "HCSLoader", "HCSLoader\HCSLoader.csproj", "{F286A733-FC5C-4D3D-8F72-8D58A51BC9CA}"
EndProject
Global
	GlobalSection(SolutionConfigurationPlatforms) = preSolution
		Debug|Any CPU = Debug|Any CPU
		Release|Any CPU = Release|Any CPU
	EndGlobalSection
	GlobalSection(ProjectConfigurationPlatforms) = postSolution
		{F286A733-FC5C-4D3D-8F72-8D58A51BC9CA}.Debug|Any CPU.ActiveCfg = Debug|Any CPU
		{F286A733-FC5C-4D3D-8F72-8D58A51BC9CA}.Debug|Any CPU.Build.0 = Debug|Any CPU
		{F286A733-FC5C-4D3D-8F72-8D58A51BC9CA}.Release|Any CPU.ActiveCfg = Release|Any CPU
		{F286A733-FC5C-4D3D-8F72-8D58A51BC9CA}.Release|Any CPU.Build.0 = Release|Any CPU
	EndGlobalSection
	GlobalSection(SolutionProperties) = preSolution
		HideSolutionNode = FALSE
	EndGlobalSection
	GlobalSection(ExtensibilityGlobals) = postSolution
		SolutionGuid = {62A1BFC5-AF72-41DC-8917-0641E7F92720}
	EndGlobalSection
EndGlobal
