
Microsoft Visual Studio Solution File, Format Version 12.00
# Visual Studio 15
VisualStudioVersion = 15.0.28307.271
MinimumVisualStudioVersion = 10.0.40219.1
Project("{FAE04EC0-301F-11D3-BF4B-00C04F79EFBC}") = "HCSLoader", "HCSLoader\HCSLoader.csproj", "{478C91C2-0E77-4A0F-A75A-B69E5C473008}"
EndProject
Project("{2150E333-8FDC-42A3-9474-1A3956D46DE8}") = "lib", "lib", "{AF5F8316-FE47-4DA4-A30E-467312123C58}"
	ProjectSection(SolutionItems) = preProject
		lib\Newtonsoft.Json.dll = lib\Newtonsoft.Json.dll
		lib\System.Data.dll = lib\System.Data.dll
		lib\System.Runtime.Serialization.dll = lib\System.Runtime.Serialization.dll
		lib\System.Xml.dll = lib\System.Xml.dll
	EndProjectSection
EndProject
Project("{2150E333-8FDC-42A3-9474-1A3956D46DE8}") = "Schemas", "Schemas", "{14E8B02B-BC2F-4813-8987-7CCBBDD72C70}"
	ProjectSection(SolutionItems) = preProject
		AddGirlSchema.json = AddGirlSchema.json
	EndProjectSection
EndProject
Global
	GlobalSection(SolutionConfigurationPlatforms) = preSolution
		Release|Any CPU = Release|Any CPU
	EndGlobalSection
	GlobalSection(ProjectConfigurationPlatforms) = postSolution
		{478C91C2-0E77-4A0F-A75A-B69E5C473008}.Release|Any CPU.ActiveCfg = Release|Any CPU
		{478C91C2-0E77-4A0F-A75A-B69E5C473008}.Release|Any CPU.Build.0 = Release|Any CPU
	EndGlobalSection
	GlobalSection(SolutionProperties) = preSolution
		HideSolutionNode = FALSE
	EndGlobalSection
	GlobalSection(ExtensibilityGlobals) = postSolution
		SolutionGuid = {3B5E9CC2-C7FA-41EB-B4EE-A69CB052E537}
	EndGlobalSection
EndGlobal
